PODS:
  - Curve25519 (1.1)
  - ESPProvision (2.0.16):
    - ESPProvision/Core (= 2.0.16)
  - ESPProvision/Core (2.0.16):
    - Curve25519 (~> 1.1.0)
    - SwiftProtobuf (~> 1.5.0)
  - Flutter (1.0.0)
  - flutter_esp_ble_prov (0.0.1):
    - ESPProvision
    - Flutter
  - SwiftProtobuf (1.5.0)

DEPENDENCIES:
  - Flutter (from `Flutter`)
  - flutter_esp_ble_prov (from `.symlinks/plugins/flutter_esp_ble_prov/ios`)

SPEC REPOS:
  trunk:
    - Curve25519
    - ESPProvision
    - SwiftProtobuf

EXTERNAL SOURCES:
  Flutter:
    :path: Flutter
  flutter_esp_ble_prov:
    :path: ".symlinks/plugins/flutter_esp_ble_prov/ios"

SPEC CHECKSUMS:
  Curve25519: 5f595e906bd962248665978e2992a1fe96e2d831
  ESPProvision: 2e9b4b72d8bb880051882836b17f28f6537a7b77
  Flutter: f04841e97a9d0b0a8025694d0796dd46242b2854
  flutter_esp_ble_prov: a18fa58626e98c50e663a3d054dd99b9dde6b84d
  SwiftProtobuf: 241400280f912735c1e1b9fe675fdd2c6c4d42e2

PODFILE CHECKSUM: ef19549a9bc3046e7bb7d2fab4d021637c0c58a3

COCOAPODS: 1.11.3
